
Microsoft Visual Studio Solution File, Format Version 12.00
# Visual Studio Version 17
VisualStudioVersion = 17.5.002.0
MinimumVisualStudioVersion = 10.0.40219.1
Project("{9A19103F-16F7-4668-BE54-9A1E7A4F7556}") = "HashMap", "HashMap.csproj", "{6F556D3C-A68B-4C3F-96F4-2EFC26C6B1FF}"
EndProject
Global
	GlobalSection(SolutionConfigurationPlatforms) = preSolution
		Debug|Any CPU = Debug|Any CPU
		Release|Any CPU = Release|Any CPU
	EndGlobalSection
	GlobalSection(ProjectConfigurationPlatforms) = postSolution
		{6F556D3C-A68B-4C3F-96F4-2EFC26C6B1FF}.Debug|Any CPU.ActiveCfg = Debug|Any CPU
		{6F556D3C-A68B-4C3F-96F4-2EFC26C6B1FF}.Debug|Any CPU.Build.0 = Debug|Any CPU
		{6F556D3C-A68B-4C3F-96F4-2EFC26C6B1FF}.Release|Any CPU.ActiveCfg = Release|Any CPU
		{6F556D3C-A68B-4C3F-96F4-2EFC26C6B1FF}.Release|Any CPU.Build.0 = Release|Any CPU
	EndGlobalSection
	GlobalSection(SolutionProperties) = preSolution
		HideSolutionNode = FALSE
	EndGlobalSection
	GlobalSection(ExtensibilityGlobals) = postSolution
		SolutionGuid = {570090CB-B672-48D5-A5D5-E41434524AAF}
	EndGlobalSection
EndGlobal
