
Microsoft Visual Studio Solution File, Format Version 12.00
# Visual Studio Version 17
VisualStudioVersion = 17.5.002.0
MinimumVisualStudioVersion = 10.0.40219.1
Project("{9A19103F-16F7-4668-BE54-9A1E7A4F7556}") = "ArvoreBinaria", "ArvoreBinaria.csproj", "{3718CD16-6DE0-4976-AE25-30DE997EA17F}"
EndProject
Global
	GlobalSection(SolutionConfigurationPlatforms) = preSolution
		Debug|Any CPU = Debug|Any CPU
		Release|Any CPU = Release|Any CPU
	EndGlobalSection
	GlobalSection(ProjectConfigurationPlatforms) = postSolution
		{3718CD16-6DE0-4976-AE25-30DE997EA17F}.Debug|Any CPU.ActiveCfg = Debug|Any CPU
		{3718CD16-6DE0-4976-AE25-30DE997EA17F}.Debug|Any CPU.Build.0 = Debug|Any CPU
		{3718CD16-6DE0-4976-AE25-30DE997EA17F}.Release|Any CPU.ActiveCfg = Release|Any CPU
		{3718CD16-6DE0-4976-AE25-30DE997EA17F}.Release|Any CPU.Build.0 = Release|Any CPU
	EndGlobalSection
	GlobalSection(SolutionProperties) = preSolution
		HideSolutionNode = FALSE
	EndGlobalSection
	GlobalSection(ExtensibilityGlobals) = postSolution
		SolutionGuid = {B435B5AC-125B-4010-B44A-304914D5A466}
	EndGlobalSection
EndGlobal
